
Microsoft Visual Studio Solution File, Format Version 12.00
# Visual Studio Version 17
VisualStudioVersion = 17.8.34408.163
MinimumVisualStudioVersion = 10.0.40219.1
Project("{FAE04EC0-301F-11D3-BF4B-00C04F79EFBC}") = "AutoClimateControllerLib", "AutoClimateControl\AutoClimateControllerLib.csproj", "{E51E3871-AF46-4DF6-8E08-3FA3D0520C06}"
EndProject
Project("{FAE04EC0-301F-11D3-BF4B-00C04F79EFBC}") = "ECULib", "ECULib\ECULib.csproj", "{295526D7-7ED4-418E-B153-AA861BEE3350}"
EndProject
Project("{FAE04EC0-301F-11D3-BF4B-00C04F79EFBC}") = "IOutsideTemperatureSensorLib", "IOutsideTemperatureSensorLib\IOutsideTemperatureSensorLib.csproj", "{398B8343-FCE5-4D1A-A2B4-F67216136161}"
EndProject
Project("{FAE04EC0-301F-11D3-BF4B-00C04F79EFBC}") = "OutsideTemperatureSensorLib", "OutsideTemperatureSensor\OutsideTemperatureSensorLib.csproj", "{A8704D3B-9069-45EA-BC0D-288FCA954D8C}"
EndProject
Project("{FAE04EC0-301F-11D3-BF4B-00C04F79EFBC}") = "IPassengerCountSensorLib", "IPassengerCountSensorLib\IPassengerCountSensorLib.csproj", "{5BFC297F-DAFE-4A59-B688-A98E78B01A8B}"
EndProject
Project("{FAE04EC0-301F-11D3-BF4B-00C04F79EFBC}") = "PassengerCountSensorLib", "PassengerCountSensorLib\PassengerCountSensorLib.csproj", "{46799139-FC3F-48DA-9974-D3D1576C8378}"
EndProject
Project("{FAE04EC0-301F-11D3-BF4B-00C04F79EFBC}") = "ITemperatureCalculatorLib", "ITemperatureCalculator\ITemperatureCalculatorLib.csproj", "{970CC9CF-9962-427B-933B-2B8EEA7FFC94}"
EndProject
Project("{FAE04EC0-301F-11D3-BF4B-00C04F79EFBC}") = "TemperatureCalculatorLib", "TemperatureCalculatorLib\TemperatureCalculatorLib.csproj", "{455CAD0A-BF12-4AC7-891A-C75673663E90}"
EndProject
Project("{FAE04EC0-301F-11D3-BF4B-00C04F79EFBC}") = "ITemperatureRegulatorLib", "ITemperatureRegulator\ITemperatureRegulatorLib.csproj", "{B9F78AF5-6FB3-48DA-AA39-81C6448C24FA}"
EndProject
Project("{FAE04EC0-301F-11D3-BF4B-00C04F79EFBC}") = "TemperatureRegulatorLib", "TemperatureRegulatorLib\TemperatureRegulatorLib.csproj", "{448F0B55-CAE6-4474-A96A-4BBDF0505E70}"
EndProject
Project("{FAE04EC0-301F-11D3-BF4B-00C04F79EFBC}") = "ITimerControllerLib", "ITimerController\ITimerControllerLib.csproj", "{37DE93F0-4499-498B-85C2-618A769E839C}"
EndProject
Project("{FAE04EC0-301F-11D3-BF4B-00C04F79EFBC}") = "TimerControllerLib", "TimerControllerLib\TimerControllerLib.csproj", "{9A9E14D5-555F-42AD-A9C8-40F764343E2F}"
EndProject
Project("{FAE04EC0-301F-11D3-BF4B-00C04F79EFBC}") = "IECUObserverLib", "IECULib\IECUObserverLib.csproj", "{AE977F95-8724-4D4C-96E0-6A2FF1081A52}"
EndProject
Global
	GlobalSection(SolutionConfigurationPlatforms) = preSolution
		Debug|Any CPU = Debug|Any CPU
		Release|Any CPU = Release|Any CPU
	EndGlobalSection
	GlobalSection(ProjectConfigurationPlatforms) = postSolution
		{E51E3871-AF46-4DF6-8E08-3FA3D0520C06}.Debug|Any CPU.ActiveCfg = Debug|Any CPU
		{E51E3871-AF46-4DF6-8E08-3FA3D0520C06}.Debug|Any CPU.Build.0 = Debug|Any CPU
		{E51E3871-AF46-4DF6-8E08-3FA3D0520C06}.Release|Any CPU.ActiveCfg = Release|Any CPU
		{E51E3871-AF46-4DF6-8E08-3FA3D0520C06}.Release|Any CPU.Build.0 = Release|Any CPU
		{295526D7-7ED4-418E-B153-AA861BEE3350}.Debug|Any CPU.ActiveCfg = Debug|Any CPU
		{295526D7-7ED4-418E-B153-AA861BEE3350}.Debug|Any CPU.Build.0 = Debug|Any CPU
		{295526D7-7ED4-418E-B153-AA861BEE3350}.Release|Any CPU.ActiveCfg = Release|Any CPU
		{295526D7-7ED4-418E-B153-AA861BEE3350}.Release|Any CPU.Build.0 = Release|Any CPU
		{398B8343-FCE5-4D1A-A2B4-F67216136161}.Debug|Any CPU.ActiveCfg = Debug|Any CPU
		{398B8343-FCE5-4D1A-A2B4-F67216136161}.Debug|Any CPU.Build.0 = Debug|Any CPU
		{398B8343-FCE5-4D1A-A2B4-F67216136161}.Release|Any CPU.ActiveCfg = Release|Any CPU
		{398B8343-FCE5-4D1A-A2B4-F67216136161}.Release|Any CPU.Build.0 = Release|Any CPU
		{A8704D3B-9069-45EA-BC0D-288FCA954D8C}.Debug|Any CPU.ActiveCfg = Debug|Any CPU
		{A8704D3B-9069-45EA-BC0D-288FCA954D8C}.Debug|Any CPU.Build.0 = Debug|Any CPU
		{A8704D3B-9069-45EA-BC0D-288FCA954D8C}.Release|Any CPU.ActiveCfg = Release|Any CPU
		{A8704D3B-9069-45EA-BC0D-288FCA954D8C}.Release|Any CPU.Build.0 = Release|Any CPU
		{5BFC297F-DAFE-4A59-B688-A98E78B01A8B}.Debug|Any CPU.ActiveCfg = Debug|Any CPU
		{5BFC297F-DAFE-4A59-B688-A98E78B01A8B}.Debug|Any CPU.Build.0 = Debug|Any CPU
		{5BFC297F-DAFE-4A59-B688-A98E78B01A8B}.Release|Any CPU.ActiveCfg = Release|Any CPU
		{5BFC297F-DAFE-4A59-B688-A98E78B01A8B}.Release|Any CPU.Build.0 = Release|Any CPU
		{46799139-FC3F-48DA-9974-D3D1576C8378}.Debug|Any CPU.ActiveCfg = Debug|Any CPU
		{46799139-FC3F-48DA-9974-D3D1576C8378}.Debug|Any CPU.Build.0 = Debug|Any CPU
		{46799139-FC3F-48DA-9974-D3D1576C8378}.Release|Any CPU.ActiveCfg = Release|Any CPU
		{46799139-FC3F-48DA-9974-D3D1576C8378}.Release|Any CPU.Build.0 = Release|Any CPU
		{970CC9CF-9962-427B-933B-2B8EEA7FFC94}.Debug|Any CPU.ActiveCfg = Debug|Any CPU
		{970CC9CF-9962-427B-933B-2B8EEA7FFC94}.Debug|Any CPU.Build.0 = Debug|Any CPU
		{970CC9CF-9962-427B-933B-2B8EEA7FFC94}.Release|Any CPU.ActiveCfg = Release|Any CPU
		{970CC9CF-9962-427B-933B-2B8EEA7FFC94}.Release|Any CPU.Build.0 = Release|Any CPU
		{455CAD0A-BF12-4AC7-891A-C75673663E90}.Debug|Any CPU.ActiveCfg = Debug|Any CPU
		{455CAD0A-BF12-4AC7-891A-C75673663E90}.Debug|Any CPU.Build.0 = Debug|Any CPU
		{455CAD0A-BF12-4AC7-891A-C75673663E90}.Release|Any CPU.ActiveCfg = Release|Any CPU
		{455CAD0A-BF12-4AC7-891A-C75673663E90}.Release|Any CPU.Build.0 = Release|Any CPU
		{B9F78AF5-6FB3-48DA-AA39-81C6448C24FA}.Debug|Any CPU.ActiveCfg = Debug|Any CPU
		{B9F78AF5-6FB3-48DA-AA39-81C6448C24FA}.Debug|Any CPU.Build.0 = Debug|Any CPU
		{B9F78AF5-6FB3-48DA-AA39-81C6448C24FA}.Release|Any CPU.ActiveCfg = Release|Any CPU
		{B9F78AF5-6FB3-48DA-AA39-81C6448C24FA}.Release|Any CPU.Build.0 = Release|Any CPU
		{448F0B55-CAE6-4474-A96A-4BBDF0505E70}.Debug|Any CPU.ActiveCfg = Debug|Any CPU
		{448F0B55-CAE6-4474-A96A-4BBDF0505E70}.Debug|Any CPU.Build.0 = Debug|Any CPU
		{448F0B55-CAE6-4474-A96A-4BBDF0505E70}.Release|Any CPU.ActiveCfg = Release|Any CPU
		{448F0B55-CAE6-4474-A96A-4BBDF0505E70}.Release|Any CPU.Build.0 = Release|Any CPU
		{37DE93F0-4499-498B-85C2-618A769E839C}.Debug|Any CPU.ActiveCfg = Debug|Any CPU
		{37DE93F0-4499-498B-85C2-618A769E839C}.Debug|Any CPU.Build.0 = Debug|Any CPU
		{37DE93F0-4499-498B-85C2-618A769E839C}.Release|Any CPU.ActiveCfg = Release|Any CPU
		{37DE93F0-4499-498B-85C2-618A769E839C}.Release|Any CPU.Build.0 = Release|Any CPU
		{9A9E14D5-555F-42AD-A9C8-40F764343E2F}.Debug|Any CPU.ActiveCfg = Debug|Any CPU
		{9A9E14D5-555F-42AD-A9C8-40F764343E2F}.Debug|Any CPU.Build.0 = Debug|Any CPU
		{9A9E14D5-555F-42AD-A9C8-40F764343E2F}.Release|Any CPU.ActiveCfg = Release|Any CPU
		{9A9E14D5-555F-42AD-A9C8-40F764343E2F}.Release|Any CPU.Build.0 = Release|Any CPU
		{AE977F95-8724-4D4C-96E0-6A2FF1081A52}.Debug|Any CPU.ActiveCfg = Debug|Any CPU
		{AE977F95-8724-4D4C-96E0-6A2FF1081A52}.Debug|Any CPU.Build.0 = Debug|Any CPU
		{AE977F95-8724-4D4C-96E0-6A2FF1081A52}.Release|Any CPU.ActiveCfg = Release|Any CPU
		{AE977F95-8724-4D4C-96E0-6A2FF1081A52}.Release|Any CPU.Build.0 = Release|Any CPU
	EndGlobalSection
	GlobalSection(SolutionProperties) = preSolution
		HideSolutionNode = FALSE
	EndGlobalSection
	GlobalSection(ExtensibilityGlobals) = postSolution
		SolutionGuid = {835BB8C0-4074-4DCE-BFEB-827B5347ABA6}
	EndGlobalSection
EndGlobal
