
Microsoft Visual Studio Solution File, Format Version 12.00
# Visual Studio Version 17
VisualStudioVersion = 17.8.34408.163
MinimumVisualStudioVersion = 10.0.40219.1
Project("{9A19103F-16F7-4668-BE54-9A1E7A4F7556}") = "AutoClimateControl", "AutoClimateControl\AutoClimateControl.csproj", "{212DB1F0-04E6-4185-9E3F-BD23513BAD47}"
EndProject
Project("{FAE04EC0-301F-11D3-BF4B-00C04F79EFBC}") = "TimerControllerLib", "TimerControllerLib\TimerControllerLib.csproj", "{73C9115E-B045-41E6-AB85-908218F82DD7}"
EndProject
Project("{FAE04EC0-301F-11D3-BF4B-00C04F79EFBC}") = "TemperatureRegulatorLib", "TemperatureRegulatorLib\TemperatureRegulatorLib.csproj", "{B9A3E763-874A-4892-B576-49AA73052E08}"
EndProject
Project("{FAE04EC0-301F-11D3-BF4B-00C04F79EFBC}") = "TemperatureCalculatorLib", "TemperatureCalculator\TemperatureCalculatorLib.csproj", "{C3405B28-C168-4C09-ABD7-39C222D53D22}"
EndProject
Project("{FAE04EC0-301F-11D3-BF4B-00C04F79EFBC}") = "ITemperatureCalculatorLib", "ITemperatureCalculator\ITemperatureCalculatorLib.csproj", "{EB492997-2B81-4BF1-AF6F-010877E6C7DE}"
EndProject
Project("{FAE04EC0-301F-11D3-BF4B-00C04F79EFBC}") = "ITemperatureRegulatorLib", "ITemperatureRegulatorLib\ITemperatureRegulatorLib.csproj", "{B42AC07D-3E00-4975-A5DC-228E2C811D73}"
EndProject
Project("{FAE04EC0-301F-11D3-BF4B-00C04F79EFBC}") = "ITimerControllerLib", "ITimerControllerLib\ITimerControllerLib.csproj", "{53855640-AF00-42A6-807B-D1521EEC4519}"
EndProject
Global
	GlobalSection(SolutionConfigurationPlatforms) = preSolution
		Debug|Any CPU = Debug|Any CPU
		Release|Any CPU = Release|Any CPU
	EndGlobalSection
	GlobalSection(ProjectConfigurationPlatforms) = postSolution
		{212DB1F0-04E6-4185-9E3F-BD23513BAD47}.Debug|Any CPU.ActiveCfg = Debug|Any CPU
		{212DB1F0-04E6-4185-9E3F-BD23513BAD47}.Debug|Any CPU.Build.0 = Debug|Any CPU
		{212DB1F0-04E6-4185-9E3F-BD23513BAD47}.Release|Any CPU.ActiveCfg = Release|Any CPU
		{212DB1F0-04E6-4185-9E3F-BD23513BAD47}.Release|Any CPU.Build.0 = Release|Any CPU
		{73C9115E-B045-41E6-AB85-908218F82DD7}.Debug|Any CPU.ActiveCfg = Debug|Any CPU
		{73C9115E-B045-41E6-AB85-908218F82DD7}.Debug|Any CPU.Build.0 = Debug|Any CPU
		{73C9115E-B045-41E6-AB85-908218F82DD7}.Release|Any CPU.ActiveCfg = Release|Any CPU
		{73C9115E-B045-41E6-AB85-908218F82DD7}.Release|Any CPU.Build.0 = Release|Any CPU
		{B9A3E763-874A-4892-B576-49AA73052E08}.Debug|Any CPU.ActiveCfg = Debug|Any CPU
		{B9A3E763-874A-4892-B576-49AA73052E08}.Debug|Any CPU.Build.0 = Debug|Any CPU
		{B9A3E763-874A-4892-B576-49AA73052E08}.Release|Any CPU.ActiveCfg = Release|Any CPU
		{B9A3E763-874A-4892-B576-49AA73052E08}.Release|Any CPU.Build.0 = Release|Any CPU
		{C3405B28-C168-4C09-ABD7-39C222D53D22}.Debug|Any CPU.ActiveCfg = Debug|Any CPU
		{C3405B28-C168-4C09-ABD7-39C222D53D22}.Debug|Any CPU.Build.0 = Debug|Any CPU
		{C3405B28-C168-4C09-ABD7-39C222D53D22}.Release|Any CPU.ActiveCfg = Release|Any CPU
		{C3405B28-C168-4C09-ABD7-39C222D53D22}.Release|Any CPU.Build.0 = Release|Any CPU
		{EB492997-2B81-4BF1-AF6F-010877E6C7DE}.Debug|Any CPU.ActiveCfg = Debug|Any CPU
		{EB492997-2B81-4BF1-AF6F-010877E6C7DE}.Debug|Any CPU.Build.0 = Debug|Any CPU
		{EB492997-2B81-4BF1-AF6F-010877E6C7DE}.Release|Any CPU.ActiveCfg = Release|Any CPU
		{EB492997-2B81-4BF1-AF6F-010877E6C7DE}.Release|Any CPU.Build.0 = Release|Any CPU
		{B42AC07D-3E00-4975-A5DC-228E2C811D73}.Debug|Any CPU.ActiveCfg = Debug|Any CPU
		{B42AC07D-3E00-4975-A5DC-228E2C811D73}.Debug|Any CPU.Build.0 = Debug|Any CPU
		{B42AC07D-3E00-4975-A5DC-228E2C811D73}.Release|Any CPU.ActiveCfg = Release|Any CPU
		{B42AC07D-3E00-4975-A5DC-228E2C811D73}.Release|Any CPU.Build.0 = Release|Any CPU
		{53855640-AF00-42A6-807B-D1521EEC4519}.Debug|Any CPU.ActiveCfg = Debug|Any CPU
		{53855640-AF00-42A6-807B-D1521EEC4519}.Debug|Any CPU.Build.0 = Debug|Any CPU
		{53855640-AF00-42A6-807B-D1521EEC4519}.Release|Any CPU.ActiveCfg = Release|Any CPU
		{53855640-AF00-42A6-807B-D1521EEC4519}.Release|Any CPU.Build.0 = Release|Any CPU
	EndGlobalSection
	GlobalSection(SolutionProperties) = preSolution
		HideSolutionNode = FALSE
	EndGlobalSection
	GlobalSection(ExtensibilityGlobals) = postSolution
		SolutionGuid = {75F5F4C7-2BF1-4764-B510-0511F1F0E362}
	EndGlobalSection
EndGlobal
